PODS:
  - Capacitor (4.3.0):
    - CapacitorCordova
  - CapacitorApp (4.0.1):
    - Capacitor
  - CapacitorBrowser (4.0.1):
    - Capacitor
  - CapacitorCamera (4.1.1):
    - Capacitor
  - CapacitorCommunityFirebaseAnalytics (1.0.1):
    - Capacitor
    - Firebase/Analytics (~> 8.0)
  - CapacitorCordova (4.3.0)
  - CapacitorDevice (4.0.1):
    - Capacitor
  - CapacitorFilesystem (4.1.1):
    - Capacitor
  - CapacitorGeolocation (4.0.1):
    - Capacitor
  - CapacitorHaptics (4.0.1):
    - Capacitor
  - CapacitorKeyboard (4.0.1):
    - Capacitor
  - CapacitorLocalNotifications (4.1.0):
    - Capacitor
  - CapacitorNetwork (4.0.1):
    - Capacitor
  - CapacitorPluginAppTrackingTransparency (2.0.3):
    - Capacitor
  - CapacitorPreferences (4.0.1):
    - Capacitor
  - CapacitorPushNotifications (4.1.0):
    - Capacitor
  - CapacitorRateApp (2.0.0):
    - Capacitor
  - CapacitorScreenOrientation (5.0.6):
    - Capacitor
  - CapacitorSplashScreen (4.1.4):
    - Capacitor
  - CapacitorStatusBar (4.0.1):
    - Capacitor
  - CapacitorVoiceRecorder (2.2.0):
    - Capacitor
  - CapawesomeCapacitorAppUpdate (5.0.1):
    - Capacitor
  - CordovaPlugins (4.3.0):
    - CapacitorCordova
  - CordovaPluginsResources (0.0.105)
  - Firebase/Analytics (8.15.0):
    - Firebase/Core
  - Firebase/Core (8.15.0):
    - Firebase/CoreOnly
    - FirebaseAnalytics (~> 8.15.0)
  - Firebase/CoreOnly (8.15.0):
    - FirebaseCore (= 8.15.0)
  - Firebase/Messaging (8.15.0):
    - Firebase/CoreOnly
    - FirebaseMessaging (~> 8.15.0)
  - FirebaseAnalytics (8.15.0):
    - FirebaseAnalytics/AdIdSupport (= 8.15.0)
    - FirebaseCore (~> 8.0)
    - FirebaseInstallations (~> 8.0)
    - GoogleUtilities/AppDelegateSwizzler (~> 7.7)
    - GoogleUtilities/MethodSwizzler (~> 7.7)
    - GoogleUtilities/Network (~> 7.7)
    - "GoogleUtilities/NSData+zlib (~> 7.7)"
    - nanopb (~> 2.30908.0)
  - FirebaseAnalytics/AdIdSupport (8.15.0):
    - FirebaseCore (~> 8.0)
    - FirebaseInstallations (~> 8.0)
    - GoogleAppMeasurement (= 8.15.0)
    - GoogleUtilities/AppDelegateSwizzler (~> 7.7)
    - GoogleUtilities/MethodSwizzler (~> 7.7)
    - GoogleUtilities/Network (~> 7.7)
    - "GoogleUtilities/NSData+zlib (~> 7.7)"
    - nanopb (~> 2.30908.0)
  - FirebaseCore (8.15.0):
    - FirebaseCoreDiagnostics (~> 8.0)
    - GoogleUtilities/Environment (~> 7.7)
    - GoogleUtilities/Logger (~> 7.7)
  - FirebaseCoreDiagnostics (8.15.0):
    - GoogleDataTransport (~> 9.1)
    - GoogleUtilities/Environment (~> 7.7)
    - GoogleUtilities/Logger (~> 7.7)
    - nanopb (~> 2.30908.0)
  - FirebaseInstallations (8.15.0):
    - FirebaseCore (~> 8.0)
    - GoogleUtilities/Environment (~> 7.7)
    - GoogleUtilities/UserDefaults (~> 7.7)
    - PromisesObjC (< 3.0, >= 1.2)
  - FirebaseMessaging (8.15.0):
    - FirebaseCore (~> 8.0)
    - FirebaseInstallations (~> 8.0)
    - GoogleDataTransport (~> 9.1)
    - GoogleUtilities/AppDelegateSwizzler (~> 7.7)
    - GoogleUtilities/Environment (~> 7.7)
    - GoogleUtilities/Reachability (~> 7.7)
    - GoogleUtilities/UserDefaults (~> 7.7)
    - nanopb (~> 2.30908.0)
  - GoogleAppMeasurement (8.15.0):
    - GoogleAppMeasurement/AdIdSupport (= 8.15.0)
    - GoogleUtilities/AppDelegateSwizzler (~> 7.7)
    - GoogleUtilities/MethodSwizzler (~> 7.7)
    - GoogleUtilities/Network (~> 7.7)
    - "GoogleUtilities/NSData+zlib (~> 7.7)"
    - nanopb (~> 2.30908.0)
  - GoogleAppMeasurement/AdIdSupport (8.15.0):
    - GoogleAppMeasurement/WithoutAdIdSupport (= 8.15.0)
    - GoogleUtilities/AppDelegateSwizzler (~> 7.7)
    - GoogleUtilities/MethodSwizzler (~> 7.7)
    - GoogleUtilities/Network (~> 7.7)
    - "GoogleUtilities/NSData+zlib (~> 7.7)"
    - nanopb (~> 2.30908.0)
  - GoogleAppMeasurement/WithoutAdIdSupport (8.15.0):
    - GoogleUtilities/AppDelegateSwizzler (~> 7.7)
    - GoogleUtilities/MethodSwizzler (~> 7.7)
    - GoogleUtilities/Network (~> 7.7)
    - "GoogleUtilities/NSData+zlib (~> 7.7)"
    - nanopb (~> 2.30908.0)
  - GoogleDataTransport (9.2.0):
    - GoogleUtilities/Environment (~> 7.7)
    - nanopb (< 2.30910.0, >= 2.30908.0)
    - PromisesObjC (< 3.0, >= 1.2)
  - GoogleUtilities/AppDelegateSwizzler (7.10.0):
    - GoogleUtilities/Environment
    - GoogleUtilities/Logger
    - GoogleUtilities/Network
  - GoogleUtilities/Environment (7.10.0):
    - PromisesObjC (< 3.0, >= 1.2)
  - GoogleUtilities/Logger (7.10.0):
    - GoogleUtilities/Environment
  - GoogleUtilities/MethodSwizzler (7.10.0):
    - GoogleUtilities/Logger
  - GoogleUtilities/Network (7.10.0):
    - GoogleUtilities/Logger
    - "GoogleUtilities/NSData+zlib"
    - GoogleUtilities/Reachability
  - "GoogleUtilities/NSData+zlib (7.10.0)"
  - GoogleUtilities/Reachability (7.10.0):
    - GoogleUtilities/Logger
  - GoogleUtilities/UserDefaults (7.10.0):
    - GoogleUtilities/Logger
  - nanopb (2.30908.0):
    - nanopb/decode (= 2.30908.0)
    - nanopb/encode (= 2.30908.0)
  - nanopb/decode (2.30908.0)
  - nanopb/encode (2.30908.0)
  - PromisesObjC (2.1.1)

DEPENDENCIES:
  - "Capacitor (from `../../node_modules/@capacitor/ios`)"
  - "CapacitorApp (from `../../node_modules/@capacitor/app`)"
  - "CapacitorBrowser (from `../../node_modules/@capacitor/browser`)"
  - "CapacitorCamera (from `../../node_modules/@capacitor/camera`)"
  - "CapacitorCommunityFirebaseAnalytics (from `../../node_modules/@capacitor-community/firebase-analytics`)"
  - "CapacitorCordova (from `../../node_modules/@capacitor/ios`)"
  - "CapacitorDevice (from `../../node_modules/@capacitor/device`)"
  - "CapacitorFilesystem (from `../../node_modules/@capacitor/filesystem`)"
  - "CapacitorGeolocation (from `../../node_modules/@capacitor/geolocation`)"
  - "CapacitorHaptics (from `../../node_modules/@capacitor/haptics`)"
  - "CapacitorKeyboard (from `../../node_modules/@capacitor/keyboard`)"
  - "CapacitorLocalNotifications (from `../../node_modules/@capacitor/local-notifications`)"
  - "CapacitorNetwork (from `../../node_modules/@capacitor/network`)"
  - CapacitorPluginAppTrackingTransparency (from `../../node_modules/capacitor-plugin-app-tracking-transparency`)
  - "CapacitorPreferences (from `../../node_modules/@capacitor/preferences`)"
  - "CapacitorPushNotifications (from `../../node_modules/@capacitor/push-notifications`)"
  - CapacitorRateApp (from `../../node_modules/capacitor-rate-app`)
  - "CapacitorScreenOrientation (from `../../node_modules/@capacitor/screen-orientation`)"
  - "CapacitorSplashScreen (from `../../node_modules/@capacitor/splash-screen`)"
  - "CapacitorStatusBar (from `../../node_modules/@capacitor/status-bar`)"
  - CapacitorVoiceRecorder (from `../../node_modules/capacitor-voice-recorder`)
  - "CapawesomeCapacitorAppUpdate (from `../../node_modules/@capawesome/capacitor-app-update`)"
  - CordovaPlugins (from `../capacitor-cordova-ios-plugins`)
  - CordovaPluginsResources (from `../capacitor-cordova-ios-plugins`)
  - Firebase/Messaging

SPEC REPOS:
  trunk:
    - Firebase
    - FirebaseAnalytics
    - FirebaseCore
    - FirebaseCoreDiagnostics
    - FirebaseInstallations
    - FirebaseMessaging
    - GoogleAppMeasurement
    - GoogleDataTransport
    - GoogleUtilities
    - nanopb
    - PromisesObjC

EXTERNAL SOURCES:
  Capacitor:
    :path: "../../node_modules/@capacitor/ios"
  CapacitorApp:
    :path: "../../node_modules/@capacitor/app"
  CapacitorBrowser:
    :path: "../../node_modules/@capacitor/browser"
  CapacitorCamera:
    :path: "../../node_modules/@capacitor/camera"
  CapacitorCommunityFirebaseAnalytics:
    :path: "../../node_modules/@capacitor-community/firebase-analytics"
  CapacitorCordova:
    :path: "../../node_modules/@capacitor/ios"
  CapacitorDevice:
    :path: "../../node_modules/@capacitor/device"
  CapacitorFilesystem:
    :path: "../../node_modules/@capacitor/filesystem"
  CapacitorGeolocation:
    :path: "../../node_modules/@capacitor/geolocation"
  CapacitorHaptics:
    :path: "../../node_modules/@capacitor/haptics"
  CapacitorKeyboard:
    :path: "../../node_modules/@capacitor/keyboard"
  CapacitorLocalNotifications:
    :path: "../../node_modules/@capacitor/local-notifications"
  CapacitorNetwork:
    :path: "../../node_modules/@capacitor/network"
  CapacitorPluginAppTrackingTransparency:
    :path: "../../node_modules/capacitor-plugin-app-tracking-transparency"
  CapacitorPreferences:
    :path: "../../node_modules/@capacitor/preferences"
  CapacitorPushNotifications:
    :path: "../../node_modules/@capacitor/push-notifications"
  CapacitorRateApp:
    :path: "../../node_modules/capacitor-rate-app"
  CapacitorScreenOrientation:
    :path: "../../node_modules/@capacitor/screen-orientation"
  CapacitorSplashScreen:
    :path: "../../node_modules/@capacitor/splash-screen"
  CapacitorStatusBar:
    :path: "../../node_modules/@capacitor/status-bar"
  CapacitorVoiceRecorder:
    :path: "../../node_modules/capacitor-voice-recorder"
  CapawesomeCapacitorAppUpdate:
    :path: "../../node_modules/@capawesome/capacitor-app-update"
  CordovaPlugins:
    :path: "../capacitor-cordova-ios-plugins"
  CordovaPluginsResources:
    :path: "../capacitor-cordova-ios-plugins"

SPEC CHECKSUMS:
  Capacitor: 5534f805df231c76164e1d63119bff7b4eac6cd5
  CapacitorApp: 458ca43527eb44775e0b1712ce1df3ab9b8f1775
  CapacitorBrowser: 6a840d8816369182c2211b30dad3f18d195533c0
  CapacitorCamera: 223c4729aaff32c9bad78bc170531204ba6d03bc
  CapacitorCommunityFirebaseAnalytics: ea5236bef620ef17cedc1e1d2c8302ff7971d9ed
  CapacitorCordova: 19a82a3b91fbeb9bdd049729551edc3cd7e5e648
  CapacitorDevice: e96be77549d60bea8a9cf00de4f03cdf2eea4de0
  CapacitorFilesystem: b7ea6074c44540f5b4612240f63f5f4df4305667
  CapacitorGeolocation: bbcde6da193689c224db05d77c9601c30c0caec9
  CapacitorHaptics: 4641633667f218aa4fed2599db241e3caa946776
  CapacitorKeyboard: eec1f57c1d0ea84200a32e6fa16a1f5126df4580
  CapacitorLocalNotifications: 4d6369f2176f680869d60aa077841cd7384675ee
  CapacitorNetwork: c23ff6c857585e4032db975eb6281693f3742d80
  CapacitorPluginAppTrackingTransparency: b1d1979fe359b89141017f2ae76222a15e3ae68b
  CapacitorPreferences: f676ccef535a8ddfdf296d897d0dcfa610dcb4fd
  CapacitorPushNotifications: 7398923349498cf7547a1a189288e03811e43ac6
  CapacitorRateApp: 284c2bd09dba40d38655e860b149743955c37310
  CapacitorScreenOrientation: e5ef438489815d05340f1b51a2b1794108dc0ac3
  CapacitorSplashScreen: 3823521d4b8bf69dcb656beed8f35f91f203dec7
  CapacitorStatusBar: ae4b87aaab31ee397d34f57046309f0c955c96c4
  CapacitorVoiceRecorder: 4dc1a91197318b69e56cff51c3d3315b67a13e3f
  CapawesomeCapacitorAppUpdate: abbfaa26fe3817dce42bd722731acc23e7a3274c
  CordovaPlugins: a8224790d6f66f53e95a8f5192fd76b4fc271de8
  CordovaPluginsResources: 1b3992e05cb6336d2850cd77dd5e3054f2f76f96
  Firebase: 5f8193dff4b5b7c5d5ef72ae54bb76c08e2b841d
  FirebaseAnalytics: 7761cbadb00a717d8d0939363eb46041526474fa
  FirebaseCore: 5743c5785c074a794d35f2fff7ecc254a91e08b1
  FirebaseCoreDiagnostics: 92e07a649aeb66352b319d43bdd2ee3942af84cb
  FirebaseInstallations: 40bd9054049b2eae9a2c38ef1c3dd213df3605cd
  FirebaseMessaging: 5e5118a2383b3531e730d974680954c679ca0a13
  GoogleAppMeasurement: 4c19f031220c72464d460c9daa1fb5d1acce958e
  GoogleDataTransport: 1c8145da7117bd68bbbed00cf304edb6a24de00f
  GoogleUtilities: bad72cb363809015b1f7f19beb1f1cd23c589f95
  nanopb: a0ba3315591a9ae0a16a309ee504766e90db0c96
  PromisesObjC: ab77feca74fa2823e7af4249b8326368e61014cb

PODFILE CHECKSUM: 1f1ace71fafee84a240dd133fa114109c1f66ae3

COCOAPODS: 1.12.1
