PODS:
  - Capacitor (5.2.3):
    - CapacitorCordova
  - CapacitorApp (5.0.6):
    - Capacitor
  - CapacitorBrowser (5.0.6):
    - Capacitor
  - CapacitorCamera (5.0.7):
    - Capacitor
  - CapacitorCommunityFirebaseAnalytics (1.0.1):
    - Capacitor
    - Firebase/Analytics (~> 8.0)
  - CapacitorCordova (5.2.3)
  - CapacitorDevice (5.0.6):
    - Capacitor
  - CapacitorFilesystem (5.1.2):
    - Capacitor
  - CapacitorGeolocation (5.0.6):
    - Capacitor
  - CapacitorHaptics (5.0.6):
    - Capacitor
  - CapacitorKeyboard (5.0.6):
    - Capacitor
  - CapacitorLocalNotifications (5.0.6):
    - Capacitor
  - CapacitorNetwork (5.0.6):
    - Capacitor
  - CapacitorPluginAppTrackingTransparency (2.0.3):
    - Capacitor
  - CapacitorPreferences (5.0.6):
    - Capacitor
  - CapacitorPushNotifications (5.0.6):
    - Capacitor
  - CapacitorRateApp (2.0.0):
    - Capacitor
  - CapacitorScreenOrientation (5.0.6):
    - Capacitor
  - CapacitorSplashScreen (5.0.6):
    - Capacitor
  - CapacitorStatusBar (5.0.6):
    - Capacitor
  - CapacitorVoiceRecorder (2.2.0):
    - Capacitor
  - CapawesomeCapacitorBadge (5.0.0):
    - Capacitor
  - CordovaPlugins (5.2.3):
    - CapacitorCordova
  - Firebase/Analytics (8.15.0):
    - Firebase/Core
  - Firebase/Core (8.15.0):
    - Firebase/CoreOnly
    - FirebaseAnalytics (~> 8.15.0)
  - Firebase/CoreOnly (8.15.0):
    - FirebaseCore (= 8.15.0)
  - Firebase/Messaging (8.15.0):
    - Firebase/CoreOnly
    - FirebaseMessaging (~> 8.15.0)
  - FirebaseAnalytics (8.15.0):
    - FirebaseAnalytics/AdIdSupport (= 8.15.0)
    - FirebaseCore (~> 8.0)
    - FirebaseInstallations (~> 8.0)
    - GoogleUtilities/AppDelegateSwizzler (~> 7.7)
    - GoogleUtilities/MethodSwizzler (~> 7.7)
    - GoogleUtilities/Network (~> 7.7)
    - "GoogleUtilities/NSData+zlib (~> 7.7)"
    - nanopb (~> 2.30908.0)
  - FirebaseAnalytics/AdIdSupport (8.15.0):
    - FirebaseCore (~> 8.0)
    - FirebaseInstallations (~> 8.0)
    - GoogleAppMeasurement (= 8.15.0)
    - GoogleUtilities/AppDelegateSwizzler (~> 7.7)
    - GoogleUtilities/MethodSwizzler (~> 7.7)
    - GoogleUtilities/Network (~> 7.7)
    - "GoogleUtilities/NSData+zlib (~> 7.7)"
    - nanopb (~> 2.30908.0)
  - FirebaseCore (8.15.0):
    - FirebaseCoreDiagnostics (~> 8.0)
    - GoogleUtilities/Environment (~> 7.7)
    - GoogleUtilities/Logger (~> 7.7)
  - FirebaseCoreDiagnostics (8.15.0):
    - GoogleDataTransport (~> 9.1)
    - GoogleUtilities/Environment (~> 7.7)
    - GoogleUtilities/Logger (~> 7.7)
    - nanopb (~> 2.30908.0)
  - FirebaseInstallations (8.15.0):
    - FirebaseCore (~> 8.0)
    - GoogleUtilities/Environment (~> 7.7)
    - GoogleUtilities/UserDefaults (~> 7.7)
    - PromisesObjC (< 3.0, >= 1.2)
  - FirebaseMessaging (8.15.0):
    - FirebaseCore (~> 8.0)
    - FirebaseInstallations (~> 8.0)
    - GoogleDataTransport (~> 9.1)
    - GoogleUtilities/AppDelegateSwizzler (~> 7.7)
    - GoogleUtilities/Environment (~> 7.7)
    - GoogleUtilities/Reachability (~> 7.7)
    - GoogleUtilities/UserDefaults (~> 7.7)
    - nanopb (~> 2.30908.0)
  - GoogleAppMeasurement (8.15.0):
    - GoogleAppMeasurement/AdIdSupport (= 8.15.0)
    - GoogleUtilities/AppDelegateSwizzler (~> 7.7)
    - GoogleUtilities/MethodSwizzler (~> 7.7)
    - GoogleUtilities/Network (~> 7.7)
    - "GoogleUtilities/NSData+zlib (~> 7.7)"
    - nanopb (~> 2.30908.0)
  - GoogleAppMeasurement/AdIdSupport (8.15.0):
    - GoogleAppMeasurement/WithoutAdIdSupport (= 8.15.0)
    - GoogleUtilities/AppDelegateSwizzler (~> 7.7)
    - GoogleUtilities/MethodSwizzler (~> 7.7)
    - GoogleUtilities/Network (~> 7.7)
    - "GoogleUtilities/NSData+zlib (~> 7.7)"
    - nanopb (~> 2.30908.0)
  - GoogleAppMeasurement/WithoutAdIdSupport (8.15.0):
    - GoogleUtilities/AppDelegateSwizzler (~> 7.7)
    - GoogleUtilities/MethodSwizzler (~> 7.7)
    - GoogleUtilities/Network (~> 7.7)
    - "GoogleUtilities/NSData+zlib (~> 7.7)"
    - nanopb (~> 2.30908.0)
  - GoogleDataTransport (9.2.0):
    - GoogleUtilities/Environment (~> 7.7)
    - nanopb (< 2.30910.0, >= 2.30908.0)
    - PromisesObjC (< 3.0, >= 1.2)
  - GoogleUtilities/AppDelegateSwizzler (7.10.0):
    - GoogleUtilities/Environment
    - GoogleUtilities/Logger
    - GoogleUtilities/Network
  - GoogleUtilities/Environment (7.10.0):
    - PromisesObjC (< 3.0, >= 1.2)
  - GoogleUtilities/Logger (7.10.0):
    - GoogleUtilities/Environment
  - GoogleUtilities/MethodSwizzler (7.10.0):
    - GoogleUtilities/Logger
  - GoogleUtilities/Network (7.10.0):
    - GoogleUtilities/Logger
    - "GoogleUtilities/NSData+zlib"
    - GoogleUtilities/Reachability
  - "GoogleUtilities/NSData+zlib (7.10.0)"
  - GoogleUtilities/Reachability (7.10.0):
    - GoogleUtilities/Logger
  - GoogleUtilities/UserDefaults (7.10.0):
    - GoogleUtilities/Logger
  - nanopb (2.30908.0):
    - nanopb/decode (= 2.30908.0)
    - nanopb/encode (= 2.30908.0)
  - nanopb/decode (2.30908.0)
  - nanopb/encode (2.30908.0)
  - PromisesObjC (2.1.1)

DEPENDENCIES:
  - "Capacitor (from `../../node_modules/@capacitor/ios`)"
  - "CapacitorApp (from `../../node_modules/@capacitor/app`)"
  - "CapacitorBrowser (from `../../node_modules/@capacitor/browser`)"
  - "CapacitorCamera (from `../../node_modules/@capacitor/camera`)"
  - "CapacitorCommunityFirebaseAnalytics (from `../../node_modules/@capacitor-community/firebase-analytics`)"
  - "CapacitorCordova (from `../../node_modules/@capacitor/ios`)"
  - "CapacitorDevice (from `../../node_modules/@capacitor/device`)"
  - "CapacitorFilesystem (from `../../node_modules/@capacitor/filesystem`)"
  - "CapacitorGeolocation (from `../../node_modules/@capacitor/geolocation`)"
  - "CapacitorHaptics (from `../../node_modules/@capacitor/haptics`)"
  - "CapacitorKeyboard (from `../../node_modules/@capacitor/keyboard`)"
  - "CapacitorLocalNotifications (from `../../node_modules/@capacitor/local-notifications`)"
  - "CapacitorNetwork (from `../../node_modules/@capacitor/network`)"
  - CapacitorPluginAppTrackingTransparency (from `../../node_modules/capacitor-plugin-app-tracking-transparency`)
  - "CapacitorPreferences (from `../../node_modules/@capacitor/preferences`)"
  - "CapacitorPushNotifications (from `../../node_modules/@capacitor/push-notifications`)"
  - CapacitorRateApp (from `../../node_modules/capacitor-rate-app`)
  - "CapacitorScreenOrientation (from `../../node_modules/@capacitor/screen-orientation`)"
  - "CapacitorSplashScreen (from `../../node_modules/@capacitor/splash-screen`)"
  - "CapacitorStatusBar (from `../../node_modules/@capacitor/status-bar`)"
  - CapacitorVoiceRecorder (from `../../node_modules/capacitor-voice-recorder`)
  - "CapawesomeCapacitorBadge (from `../../node_modules/@capawesome/capacitor-badge`)"
  - CordovaPlugins (from `../capacitor-cordova-ios-plugins`)
  - Firebase/Messaging

SPEC REPOS:
  trunk:
    - Firebase
    - FirebaseAnalytics
    - FirebaseCore
    - FirebaseCoreDiagnostics
    - FirebaseInstallations
    - FirebaseMessaging
    - GoogleAppMeasurement
    - GoogleDataTransport
    - GoogleUtilities
    - nanopb
    - PromisesObjC

EXTERNAL SOURCES:
  Capacitor:
    :path: "../../node_modules/@capacitor/ios"
  CapacitorApp:
    :path: "../../node_modules/@capacitor/app"
  CapacitorBrowser:
    :path: "../../node_modules/@capacitor/browser"
  CapacitorCamera:
    :path: "../../node_modules/@capacitor/camera"
  CapacitorCommunityFirebaseAnalytics:
    :path: "../../node_modules/@capacitor-community/firebase-analytics"
  CapacitorCordova:
    :path: "../../node_modules/@capacitor/ios"
  CapacitorDevice:
    :path: "../../node_modules/@capacitor/device"
  CapacitorFilesystem:
    :path: "../../node_modules/@capacitor/filesystem"
  CapacitorGeolocation:
    :path: "../../node_modules/@capacitor/geolocation"
  CapacitorHaptics:
    :path: "../../node_modules/@capacitor/haptics"
  CapacitorKeyboard:
    :path: "../../node_modules/@capacitor/keyboard"
  CapacitorLocalNotifications:
    :path: "../../node_modules/@capacitor/local-notifications"
  CapacitorNetwork:
    :path: "../../node_modules/@capacitor/network"
  CapacitorPluginAppTrackingTransparency:
    :path: "../../node_modules/capacitor-plugin-app-tracking-transparency"
  CapacitorPreferences:
    :path: "../../node_modules/@capacitor/preferences"
  CapacitorPushNotifications:
    :path: "../../node_modules/@capacitor/push-notifications"
  CapacitorRateApp:
    :path: "../../node_modules/capacitor-rate-app"
  CapacitorScreenOrientation:
    :path: "../../node_modules/@capacitor/screen-orientation"
  CapacitorSplashScreen:
    :path: "../../node_modules/@capacitor/splash-screen"
  CapacitorStatusBar:
    :path: "../../node_modules/@capacitor/status-bar"
  CapacitorVoiceRecorder:
    :path: "../../node_modules/capacitor-voice-recorder"
  CapawesomeCapacitorBadge:
    :path: "../../node_modules/@capawesome/capacitor-badge"
  CordovaPlugins:
    :path: "../capacitor-cordova-ios-plugins"

SPEC CHECKSUMS:
  Capacitor: 6f44cbc33839b8a4202b8eac97041fe584083417
  CapacitorApp: 024e1b1bea5f883d79f6330d309bc441c88ad04a
  CapacitorBrowser: 6192948e0ce804fd72aaf77f4114a3ad2e08c760
  CapacitorCamera: 084b0b228bba7d00587910337b1c89e93b1d32ab
  CapacitorCommunityFirebaseAnalytics: ea5236bef620ef17cedc1e1d2c8302ff7971d9ed
  CapacitorCordova: 35def3ebfdef491f0a7b652816eb873ff4b20bbf
  CapacitorDevice: 2c968f98a1ec4d22357418c1521e7ddc46c675e6
  CapacitorFilesystem: 5efb77d5dc1c8c05bce5e19f0e7bfdf72363fb43
  CapacitorGeolocation: 7be5f77abc205c0efe319fff8587a7183e7b0240
  CapacitorHaptics: 1fffc1217c7e64a472d7845be50fb0c2f7d4204c
  CapacitorKeyboard: b978154b024a5f65e044908e37d15b7de58b9d12
  CapacitorLocalNotifications: c2d8b14794064fd4814b1d6c4ddbac8029afa295
  CapacitorNetwork: d80b3e79bef6ec37640ee2806c19771f07ff2d0c
  CapacitorPluginAppTrackingTransparency: b1d1979fe359b89141017f2ae76222a15e3ae68b
  CapacitorPreferences: f03954bcb0ff09c792909e46bff88e3183c16b10
  CapacitorPushNotifications: 7eb70469f1fcc3dec07126336d4896520e4991db
  CapacitorRateApp: 284c2bd09dba40d38655e860b149743955c37310
  CapacitorScreenOrientation: e5ef438489815d05340f1b51a2b1794108dc0ac3
  CapacitorSplashScreen: 5fa2ab5e46cf5cc530cf16a51c80c7a986579ccd
  CapacitorStatusBar: 565c0a1ebd79bb40d797606a8992b4a105885309
  CapacitorVoiceRecorder: 4dc1a91197318b69e56cff51c3d3315b67a13e3f
  CapawesomeCapacitorBadge: 2b9919ea79b85bdc5455143cf6607c9e25bec9ae
  CordovaPlugins: d4671f1d2a1af985cd35caa0d8bbb58b95ef3c70
  Firebase: 5f8193dff4b5b7c5d5ef72ae54bb76c08e2b841d
  FirebaseAnalytics: 7761cbadb00a717d8d0939363eb46041526474fa
  FirebaseCore: 5743c5785c074a794d35f2fff7ecc254a91e08b1
  FirebaseCoreDiagnostics: 92e07a649aeb66352b319d43bdd2ee3942af84cb
  FirebaseInstallations: 40bd9054049b2eae9a2c38ef1c3dd213df3605cd
  FirebaseMessaging: 5e5118a2383b3531e730d974680954c679ca0a13
  GoogleAppMeasurement: 4c19f031220c72464d460c9daa1fb5d1acce958e
  GoogleDataTransport: 1c8145da7117bd68bbbed00cf304edb6a24de00f
  GoogleUtilities: bad72cb363809015b1f7f19beb1f1cd23c589f95
  nanopb: a0ba3315591a9ae0a16a309ee504766e90db0c96
  PromisesObjC: ab77feca74fa2823e7af4249b8326368e61014cb

PODFILE CHECKSUM: 21d4983f6ba6ece85d62bcd92ec6ee3fd84c05b1

COCOAPODS: 1.12.1
